
Microsoft Visual Studio Solution File, Format Version 12.00
# Visual Studio Version 16
VisualStudioVersion = 16.0.29728.190
MinimumVisualStudioVersion = 10.0.40219.1
Project("{2150E333-8FDC-42A3-9474-1A3956D46DE8}") = "src", "src", "{6881E2C4-DF46-4026-8270-2B224BAE489F}"
EndProject
Project("{9092AA53-FB77-4645-B42D-1CCCA6BD08BD}") = "DipScope.EntityBuilder", "src\DipScope.EntityBuilder\DipScope.EntityBuilder.njsproj", "{D8EE7599-B64A-4F74-8733-3BC8A86B541A}"
EndProject
Project("{2150E333-8FDC-42A3-9474-1A3956D46DE8}") = "Solution Items", "Solution Items", "{4C8A9DF1-93D3-434D-BF88-FCAA8464A448}"
	ProjectSection(SolutionItems) = preProject
		LICENSE.txt = LICENSE.txt
		README.md = README.md
	EndProjectSection
EndProject
Global
	GlobalSection(SolutionConfigurationPlatforms) = preSolution
		Debug|Any CPU = Debug|Any CPU
		Release|Any CPU = Release|Any CPU
	EndGlobalSection
	GlobalSection(ProjectConfigurationPlatforms) = postSolution
		{D8EE7599-B64A-4F74-8733-3BC8A86B541A}.Debug|Any CPU.ActiveCfg = Debug|Any CPU
		{D8EE7599-B64A-4F74-8733-3BC8A86B541A}.Debug|Any CPU.Build.0 = Debug|Any CPU
		{D8EE7599-B64A-4F74-8733-3BC8A86B541A}.Release|Any CPU.ActiveCfg = Release|Any CPU
		{D8EE7599-B64A-4F74-8733-3BC8A86B541A}.Release|Any CPU.Build.0 = Release|Any CPU
	EndGlobalSection
	GlobalSection(SolutionProperties) = preSolution
		HideSolutionNode = FALSE
	EndGlobalSection
	GlobalSection(NestedProjects) = preSolution
		{D8EE7599-B64A-4F74-8733-3BC8A86B541A} = {6881E2C4-DF46-4026-8270-2B224BAE489F}
	EndGlobalSection
	GlobalSection(ExtensibilityGlobals) = postSolution
		SolutionGuid = {BFFF29F4-15BF-4499-BC6D-29E320E1D01E}
	EndGlobalSection
EndGlobal
